
Microsoft Visual Studio Solution File, Format Version 12.00
# Visual Studio Version 17
VisualStudioVersion = 17.6.33829.357
MinimumVisualStudioVersion = 10.0.40219.1
Project("{FAE04EC0-301F-11D3-BF4B-00C04F79EFBC}") = "CoreMVC", "CoreMVC\CoreMVC.csproj", "{3A962604-3340-4A91-B46E-CB06B7E0A23D}"
EndProject
Global
	GlobalSection(SolutionConfigurationPlatforms) = preSolution
		Debug|Any CPU = Debug|Any CPU
		Release|Any CPU = Release|Any CPU
	EndGlobalSection
	GlobalSection(ProjectConfigurationPlatforms) = postSolution
		{3A962604-3340-4A91-B46E-CB06B7E0A23D}.Debug|Any CPU.ActiveCfg = Debug|Any CPU
		{3A962604-3340-4A91-B46E-CB06B7E0A23D}.Debug|Any CPU.Build.0 = Debug|Any CPU
		{3A962604-3340-4A91-B46E-CB06B7E0A23D}.Release|Any CPU.ActiveCfg = Release|Any CPU
		{3A962604-3340-4A91-B46E-CB06B7E0A23D}.Release|Any CPU.Build.0 = Release|Any CPU
	EndGlobalSection
	GlobalSection(SolutionProperties) = preSolution
		HideSolutionNode = FALSE
	EndGlobalSection
	GlobalSection(ExtensibilityGlobals) = postSolution
		SolutionGuid = {1AF747B5-1702-4659-A2CD-1DD8FA25D2B0}
	EndGlobalSection
EndGlobal
